
Microsoft Visual Studio Solution File, Format Version 12.00
# Visual Studio Version 17
VisualStudioVersion = 17.4.33122.133
MinimumVisualStudioVersion = 10.0.40219.1
Project("{FAE04EC0-301F-11D3-BF4B-00C04F79EFBC}") = "AlertProject", "AlertProject.csproj", "{C1781F3D-FECF-478C-A6CD-CC5C365CBAB8}"
EndProject
Global
	GlobalSection(SolutionConfigurationPlatforms) = preSolution
		Debug|Any CPU = Debug|Any CPU
		Release|Any CPU = Release|Any CPU
	EndGlobalSection
	GlobalSection(ProjectConfigurationPlatforms) = postSolution
		{C1781F3D-FECF-478C-A6CD-CC5C365CBAB8}.Debug|Any CPU.ActiveCfg = Debug|Any CPU
		{C1781F3D-FECF-478C-A6CD-CC5C365CBAB8}.Debug|Any CPU.Build.0 = Debug|Any CPU
		{C1781F3D-FECF-478C-A6CD-CC5C365CBAB8}.Release|Any CPU.ActiveCfg = Release|Any CPU
		{C1781F3D-FECF-478C-A6CD-CC5C365CBAB8}.Release|Any CPU.Build.0 = Release|Any CPU
	EndGlobalSection
	GlobalSection(SolutionProperties) = preSolution
		HideSolutionNode = FALSE
	EndGlobalSection
	GlobalSection(ExtensibilityGlobals) = postSolution
		SolutionGuid = {516BD769-2D5E-4845-A65C-1448D92A7EE4}
	EndGlobalSection
EndGlobal
